<Project xmlns="http://schemas.microsoft.com/developer/msbuild/2003">
    <PropertyGroup>
        <ProjectGuid>{D3B4B685-2E00-4D4F-AE2D-ED7C28AB5A9A}</ProjectGuid>
        <ProjectVersion>14.6</ProjectVersion>
        <FrameworkType>VCL</FrameworkType>
        <MainSource>AplusB_Post.dpr</MainSource>
        <Base>True</Base>
        <Config Condition="'$(Config)'==''">Debug</Config>
        <Platform Condition="'$(Platform)'==''">Win32</Platform>
        <TargetedPlatforms>3</TargetedPlatforms>
        <AppType>Application</AppType>
    </PropertyGroup>
    <PropertyGroup Condition="'$(Config)'=='Base' or '$(Base)'!=''">
        <Base>true</Base>
    </PropertyGroup>
    <PropertyGroup Condition="('$(Platform)'=='Win32' and '$(Base)'=='true') or '$(Base_Win32)'!=''">
        <Base_Win32>true</Base_Win32>
        <CfgParent>Base</CfgParent>
        <Base>true</Base>
    </PropertyGroup>
    <PropertyGroup Condition="('$(Platform)'=='Win64' and '$(Base)'=='true') or '$(Base_Win64)'!=''">
        <Base_Win64>true</Base_Win64>
        <CfgParent>Base</CfgParent>
        <Base>true</Base>
    </PropertyGroup>
    <PropertyGroup Condition="'$(Config)'=='Debug' or '$(Cfg_1)'!=''">
        <Cfg_1>true</Cfg_1>
        <CfgParent>Base</CfgParent>
        <Base>true</Base>
    </PropertyGroup>
    <PropertyGroup Condition="('$(Platform)'=='Win32' and '$(Cfg_1)'=='true') or '$(Cfg_1_Win32)'!=''">
        <Cfg_1_Win32>true</Cfg_1_Win32>
        <CfgParent>Cfg_1</CfgParent>
        <Cfg_1>true</Cfg_1>
        <Base>true</Base>
    </PropertyGroup>
    <PropertyGroup Condition="'$(Config)'=='Release' or '$(Cfg_2)'!=''">
        <Cfg_2>true</Cfg_2>
        <CfgParent>Base</CfgParent>
        <Base>true</Base>
    </PropertyGroup>
    <PropertyGroup Condition="'$(Base)'!=''">
        <DCC_UsePackage>fmx;DBXInterBaseDriver;DataSnapCommon;DataSnapClient;DataSnapServer;DataSnapProviderClient;DbxCommonDriver;dbxcds;DBXOracleDriver;CustomIPTransport;dsnap;fmxase;inetdbxpress;bindcompfmx;rtl;dbrtl;DbxClientDriver;bindcomp;inetdb;xmlrtl;DBXMySQLDriver;bindengine;soaprtl;DBXInformixDriver;DBXFirebirdDriver;inet;fmxobj;DBXSybaseASADriver;fmxdae;dbexpress;DataSnapIndy10ServerTransport;$(DCC_UsePackage)</DCC_UsePackage>
        <Icon_MainIcon>$(BDS)\bin\delphi_PROJECTICON.ico</Icon_MainIcon>
        <DCC_Namespace>System;Xml;Data;Datasnap;Web;Soap;Vcl;Vcl.Imaging;Vcl.Touch;Vcl.Samples;Vcl.Shell;$(DCC_Namespace)</DCC_Namespace>
        <DCC_DcuOutput>.\$(Platform)\$(Config)</DCC_DcuOutput>
        <DCC_ExeOutput>.\$(Platform)\$(Config)</DCC_ExeOutput>
        <DCC_E>false</DCC_E>
        <DCC_N>false</DCC_N>
        <DCC_S>false</DCC_S>
        <DCC_F>false</DCC_F>
        <DCC_K>false</DCC_K>
    </PropertyGroup>
    <PropertyGroup Condition="'$(Base_Win32)'!=''">
        <DCC_UsePackage>JvGlobus;JvMM;JvManagedThreads;JvDlgs;IndySystem;JvCrypt;TeeDB;Rave100VCL;vclib;inetdbbde;JvNet;JvDotNetCtrls;DBXSybaseASEDriver;vclimg;fmi;vcldb;vcldsnap;DBXDb2Driver;Intraweb_120_160;JvCore;vclribbon;frxe16;vcl;IndyCore;CloudService;DBXMSSQLDriver;CodeSiteExpressPkg;FmxTeeUI;JvDB;JvRuntimeDesign;webdsnap;GR32_DSGN_RSXE2;JclDeveloperTools;JvDocking;adortl;JvWizards;JvHMI;vcldbx;frx16;JvPluginSystem;Tee;DBXOdbcDriver;JvCmp;JvSystem;svnui;ibxpress;JvTimeFramework;JvControls;IndyProtocols;intrawebdb_120_160;frxDB16;fs16;vclactnband;FMXTee;TeeUI;JvJans;bindcompvcl;JvStdCtrls;JvCustom;Jcl;vclie;JvPageComps;JvPrintPreview;vcltouch;websnap;VclSmp;fsDB16;DataSnapConnectors;dsnapcon;JclVcl;JvPascalInterpreter;vclx;svn;bdertl;$(DCC_UsePackage)</DCC_UsePackage>
        <VerInfo_IncludeVerInfo>true</VerInfo_IncludeVerInfo>
        <DCC_Namespace>Winapi;System.Win;Data.Win;Datasnap.Win;Web.Win;Soap.Win;Xml.Win;Bde;$(DCC_Namespace)</DCC_Namespace>
        <VerInfo_Locale>1033</VerInfo_Locale>
        <Manifest_File>$(BDS)\bin\default_app.manifest</Manifest_File>
        <VerInfo_Keys>CompanyName=;FileDescription=;FileVersion=1.0.0.0;InternalName=;LegalCopyright=;LegalTrademarks=;OriginalFilename=;ProductName=;ProductVersion=1.0.0.0;Comments=</VerInfo_Keys>
    </PropertyGroup>
    <PropertyGroup Condition="'$(Base_Win64)'!=''">
        <VerInfo_IncludeVerInfo>true</VerInfo_IncludeVerInfo>
        <DCC_Namespace>Winapi;System.Win;Data.Win;Datasnap.Win;Web.Win;Soap.Win;Xml.Win;$(DCC_Namespace)</DCC_Namespace>
        <VerInfo_Keys>CompanyName=;FileDescription=;FileVersion=1.0.0.0;InternalName=;LegalCopyright=;LegalTrademarks=;OriginalFilename=;ProductName=;ProductVersion=1.0.0.0;Comments=</VerInfo_Keys>
        <VerInfo_Locale>1033</VerInfo_Locale>
        <Manifest_File>$(BDS)\bin\default_app.manifest</Manifest_File>
        <DCC_UsePackage>DBXSybaseASEDriver;vclimg;vcldb;vcldsnap;DBXDb2Driver;vcl;DBXMSSQLDriver;webdsnap;adortl;DBXOdbcDriver;vclactnband;bindcompvcl;vclie;vcltouch;websnap;VclSmp;dsnapcon;vclx;$(DCC_UsePackage)</DCC_UsePackage>
    </PropertyGroup>
    <PropertyGroup Condition="'$(Cfg_1)'!=''">
        <DCC_Define>DEBUG;$(DCC_Define)</DCC_Define>
        <DCC_Optimize>false</DCC_Optimize>
        <DCC_GenerateStackFrames>true</DCC_GenerateStackFrames>
        <DCC_DebugInfoInExe>true</DCC_DebugInfoInExe>
        <DCC_RemoteDebug>true</DCC_RemoteDebug>
    </PropertyGroup>
    <PropertyGroup Condition="'$(Cfg_1_Win32)'!=''">
        <VerInfo_IncludeVerInfo>true</VerInfo_IncludeVerInfo>
        <VerInfo_Locale>1033</VerInfo_Locale>
        <DCC_RemoteDebug>false</DCC_RemoteDebug>
    </PropertyGroup>
    <PropertyGroup Condition="'$(Cfg_2)'!=''">
        <DCC_LocalDebugSymbols>false</DCC_LocalDebugSymbols>
        <DCC_Define>RELEASE;$(DCC_Define)</DCC_Define>
        <DCC_SymbolReferenceInfo>0</DCC_SymbolReferenceInfo>
        <DCC_DebugInformation>false</DCC_DebugInformation>
    </PropertyGroup>
    <ItemGroup>
        <DelphiCompile Include="$(MainSource)">
            <MainSource>MainSource</MainSource>
        </DelphiCompile>
        <DCCReference Include="f_Main.pas">
            <Form>fmMain</Form>
            <FormType>dfm</FormType>
        </DCCReference>
        <DCCReference Include="..\..\..\Src\Curl.Lib.pas"/>
        <DCCReference Include="..\..\..\Src\Curl.RawByteStream.pas"/>
        <DCCReference Include="..\..\..\Src\Curl.Slist.pas"/>
        <DCCReference Include="..\..\..\Src\Curl.Interfaces.pas"/>
        <BuildConfiguration Include="Release">
            <Key>Cfg_2</Key>
            <CfgParent>Base</CfgParent>
        </BuildConfiguration>
        <BuildConfiguration Include="Base">
            <Key>Base</Key>
        </BuildConfiguration>
        <BuildConfiguration Include="Debug">
            <Key>Cfg_1</Key>
            <CfgParent>Base</CfgParent>
        </BuildConfiguration>
    </ItemGroup>
    <ProjectExtensions>
        <Borland.Personality>Delphi.Personality.12</Borland.Personality>
        <Borland.ProjectType/>
        <BorlandProject>
            <Delphi.Personality>
                <VersionInfo>
                    <VersionInfo Name="IncludeVerInfo">False</VersionInfo>
                    <VersionInfo Name="AutoIncBuild">False</VersionInfo>
                    <VersionInfo Name="MajorVer">1</VersionInfo>
                    <VersionInfo Name="MinorVer">0</VersionInfo>
                    <VersionInfo Name="Release">0</VersionInfo>
                    <VersionInfo Name="Build">0</VersionInfo>
                    <VersionInfo Name="Debug">False</VersionInfo>
                    <VersionInfo Name="PreRelease">False</VersionInfo>
                    <VersionInfo Name="Special">False</VersionInfo>
                    <VersionInfo Name="Private">False</VersionInfo>
                    <VersionInfo Name="DLL">False</VersionInfo>
                    <VersionInfo Name="Locale">1049</VersionInfo>
                    <VersionInfo Name="CodePage">1251</VersionInfo>
                </VersionInfo>
                <VersionInfoKeys>
                    <VersionInfoKeys Name="CompanyName"/>
                    <VersionInfoKeys Name="FileDescription"/>
                    <VersionInfoKeys Name="FileVersion">1.0.0.0</VersionInfoKeys>
                    <VersionInfoKeys Name="InternalName"/>
                    <VersionInfoKeys Name="LegalCopyright"/>
                    <VersionInfoKeys Name="LegalTrademarks"/>
                    <VersionInfoKeys Name="OriginalFilename"/>
                    <VersionInfoKeys Name="ProductName"/>
                    <VersionInfoKeys Name="ProductVersion">1.0.0.0</VersionInfoKeys>
                    <VersionInfoKeys Name="Comments"/>
                </VersionInfoKeys>
                <Excluded_Packages>
                    <Excluded_Packages Name="$(BDSBIN)\fmidesigner160.bpl">FMI Form designer and property and component editors</Excluded_Packages>
                    <Excluded_Packages Name="C:\Users\Public\Documents\RAD Studio\9.0\Bpl\JclBaseExpert160.bpl">JCL Package containing common units for JCL Experts</Excluded_Packages>
                    <Excluded_Packages Name="C:\Users\Public\Documents\RAD Studio\9.0\Bpl\JclDebugExpert160.bpl">JCL Debug IDE extension</Excluded_Packages>
                    <Excluded_Packages Name="C:\Users\Public\Documents\RAD Studio\9.0\Bpl\JclProjectAnalysisExpert160.bpl">JCL Project Analyzer</Excluded_Packages>
                    <Excluded_Packages Name="C:\Users\Public\Documents\RAD Studio\9.0\Bpl\JclFavoriteFoldersExpert160.bpl">JCL Open and Save IDE dialogs with favorite folders</Excluded_Packages>
                    <Excluded_Packages Name="C:\Users\Public\Documents\RAD Studio\9.0\Bpl\JclRepositoryExpert160.bpl">JCL Package containing repository wizards</Excluded_Packages>
                    <Excluded_Packages Name="C:\Users\Public\Documents\RAD Studio\9.0\Bpl\JclSIMDViewExpert160.bpl">JCL Debug Window of XMM registers</Excluded_Packages>
                    <Excluded_Packages Name="C:\Users\Public\Documents\RAD Studio\9.0\Bpl\JclStackTraceViewerExpert160.bpl">JCL Stack Trace Viewer</Excluded_Packages>
                    <Excluded_Packages Name="C:\Users\Public\Documents\RAD Studio\9.0\Bpl\JvAppFrmDesign160.bpl">JVCL Application and Form Components</Excluded_Packages>
                    <Excluded_Packages Name="C:\Users\Public\Documents\RAD Studio\9.0\Bpl\JvCoreDesign160.bpl">JVCL Core Components</Excluded_Packages>
                    <Excluded_Packages Name="C:\Users\Public\Documents\RAD Studio\9.0\Bpl\JvBandsDesign160.bpl">JVCL Band Objects</Excluded_Packages>
                    <Excluded_Packages Name="C:\Users\Public\Documents\RAD Studio\9.0\Bpl\JvDBDesign160.bpl">JVCL Database Components</Excluded_Packages>
                    <Excluded_Packages Name="C:\Users\Public\Documents\RAD Studio\9.0\Bpl\JvCmpDesign160.bpl">JVCL Non-Visual Components</Excluded_Packages>
                    <Excluded_Packages Name="C:\Users\Public\Documents\RAD Studio\9.0\Bpl\JvControlsDesign160.bpl">JVCL Visual Controls</Excluded_Packages>
                    <Excluded_Packages Name="C:\Users\Public\Documents\RAD Studio\9.0\Bpl\JvCryptDesign160.bpl">JVCL Encryption and Compression</Excluded_Packages>
                    <Excluded_Packages Name="C:\Users\Public\Documents\RAD Studio\9.0\Bpl\JvCustomDesign160.bpl">JVCL Custom Controls</Excluded_Packages>
                    <Excluded_Packages Name="C:\Users\Public\Documents\RAD Studio\9.0\Bpl\JvDlgsDesign160.bpl">JVCL Dialog Components</Excluded_Packages>
                    <Excluded_Packages Name="C:\Users\Public\Documents\RAD Studio\9.0\Bpl\JvDockingDesign160.bpl">JVCL Docking Components</Excluded_Packages>
                    <Excluded_Packages Name="C:\Users\Public\Documents\RAD Studio\9.0\Bpl\JvDotNetCtrlsDesign160.bpl">JVCL DotNet Controls</Excluded_Packages>
                    <Excluded_Packages Name="C:\Users\Public\Documents\RAD Studio\9.0\Bpl\JvGlobusDesign160.bpl">JVCL Globus Components</Excluded_Packages>
                    <Excluded_Packages Name="C:\Users\Public\Documents\RAD Studio\9.0\Bpl\JvHMIDesign160.bpl">JVCL HMI Controls</Excluded_Packages>
                    <Excluded_Packages Name="C:\Users\Public\Documents\RAD Studio\9.0\Bpl\JvJansDesign160.bpl">JVCL Jans Components</Excluded_Packages>
                    <Excluded_Packages Name="C:\Users\Public\Documents\RAD Studio\9.0\Bpl\JvManagedThreadsDesign160.bpl">JVCL Managed Threads</Excluded_Packages>
                    <Excluded_Packages Name="C:\Users\Public\Documents\RAD Studio\9.0\Bpl\JvMMDesign160.bpl">JVCL Multimedia and Image Components</Excluded_Packages>
                    <Excluded_Packages Name="C:\Users\Public\Documents\RAD Studio\9.0\Bpl\JvNetDesign160.bpl">JVCL Network Components</Excluded_Packages>
                    <Excluded_Packages Name="C:\Users\Public\Documents\RAD Studio\9.0\Bpl\JvPageCompsDesign160.bpl">JVCL Page Style Components</Excluded_Packages>
                    <Excluded_Packages Name="C:\Users\Public\Documents\RAD Studio\9.0\Bpl\JvPascalInterpreterDesign160.bpl">JVCL Interpreter Components</Excluded_Packages>
                    <Excluded_Packages Name="C:\Users\Public\Documents\RAD Studio\9.0\Bpl\JvPluginSystemDesign160.bpl">JVCL Plugin Components</Excluded_Packages>
                    <Excluded_Packages Name="C:\Users\Public\Documents\RAD Studio\9.0\Bpl\JvPrintPreviewDesign160.bpl">JVCL Print Preview Components</Excluded_Packages>
                    <Excluded_Packages Name="C:\Users\Public\Documents\RAD Studio\9.0\Bpl\JvRuntimeDesignDesign160.bpl">JVCL Runtime Design Components</Excluded_Packages>
                    <Excluded_Packages Name="C:\Users\Public\Documents\RAD Studio\9.0\Bpl\JvStdCtrlsDesign160.bpl">JVCL Standard Controls</Excluded_Packages>
                    <Excluded_Packages Name="C:\Users\Public\Documents\RAD Studio\9.0\Bpl\JvSystemDesign160.bpl">JVCL System Components</Excluded_Packages>
                    <Excluded_Packages Name="C:\Users\Public\Documents\RAD Studio\9.0\Bpl\JvTimeFrameworkDesign160.bpl">JVCL Time Framework</Excluded_Packages>
                    <Excluded_Packages Name="C:\Users\Public\Documents\RAD Studio\9.0\Bpl\JvWizardsDesign160.bpl">JVCL Wizard</Excluded_Packages>
                    <Excluded_Packages Name="C:\Users\Public\Documents\RAD Studio\9.0\Bpl\JvXPCtrlsDesign160.bpl">JVCL XP Controls</Excluded_Packages>
                    <Excluded_Packages Name="C:\Users\Public\Documents\RAD Studio\9.0\Bpl\JvBDEDesign160.bpl">JVCL BDE Components</Excluded_Packages>
                    <Excluded_Packages Name="C:\Users\Public\Documents\RAD Studio\9.0\Bpl\_XE2.bpl">(untitled)</Excluded_Packages>
                    <Excluded_Packages Name="$(BDSBIN)\dclIPIndyImpl160.bpl">IP Abstraction Indy Implementation Design Time</Excluded_Packages>
                    <Excluded_Packages Name="$(BDSBIN)\bcboffice2k160.bpl">Embarcadero C++Builder Office 2000 Servers Package</Excluded_Packages>
                    <Excluded_Packages Name="$(BDSBIN)\bcbofficexp160.bpl">Embarcadero C++Builder Office XP Servers Package</Excluded_Packages>
                    <Excluded_Packages Name="$(BDSBIN)\dcloffice2k160.bpl">Microsoft Office 2000 Sample Automation Server Wrapper Components</Excluded_Packages>
                    <Excluded_Packages Name="$(BDSBIN)\dclofficexp160.bpl">Microsoft Office XP Sample Automation Server Wrapper Components</Excluded_Packages>
                </Excluded_Packages>
                <Source>
                    <Source Name="MainSource">AplusB_Post.dpr</Source>
                </Source>
            </Delphi.Personality>
            <Deployment/>
            <Platforms>
                <Platform value="Win32">True</Platform>
                <Platform value="Win64">True</Platform>
            </Platforms>
        </BorlandProject>
        <ProjectFileVersion>12</ProjectFileVersion>
    </ProjectExtensions>
    <Import Condition="Exists('$(BDS)\Bin\CodeGear.Delphi.Targets')" Project="$(BDS)\Bin\CodeGear.Delphi.Targets"/>
    <Import Condition="Exists('$(APPDATA)\Embarcadero\$(BDSAPPDATABASEDIR)\$(PRODUCTVERSION)\UserTools.proj')" Project="$(APPDATA)\Embarcadero\$(BDSAPPDATABASEDIR)\$(PRODUCTVERSION)\UserTools.proj"/>
</Project>
